
Microsoft Visual Studio Solution File, Format Version 12.00
# Visual Studio Version 17
VisualStudioVersion = 17.0.31903.59
MinimumVisualStudioVersion = 10.0.40219.1
Project("{FAE04EC0-301F-11D3-BF4B-00C04F79EFBC}") = "Calculator.App", "Calculator.App\Calculator.App.csproj", "{406FEF30-735A-4300-B02A-22913A2ADBE6}"
EndProject
Project("{FAE04EC0-301F-11D3-BF4B-00C04F79EFBC}") = "Calculator.App.Tests", "Calculator.App.Tests\Calculator.App.Tests.csproj", "{75AF5558-4276-41AF-A04F-F95B5E956FF1}"
EndProject
Global
	GlobalSection(SolutionConfigurationPlatforms) = preSolution
		Debug|Any CPU = Debug|Any CPU
		Release|Any CPU = Release|Any CPU
	EndGlobalSection
	GlobalSection(SolutionProperties) = preSolution
		HideSolutionNode = FALSE
	EndGlobalSection
	GlobalSection(ProjectConfigurationPlatforms) = postSolution
		{406FEF30-735A-4300-B02A-22913A2ADBE6}.Debug|Any CPU.ActiveCfg = Debug|Any CPU
		{406FEF30-735A-4300-B02A-22913A2ADBE6}.Debug|Any CPU.Build.0 = Debug|Any CPU
		{406FEF30-735A-4300-B02A-22913A2ADBE6}.Release|Any CPU.ActiveCfg = Release|Any CPU
		{406FEF30-735A-4300-B02A-22913A2ADBE6}.Release|Any CPU.Build.0 = Release|Any CPU
		{75AF5558-4276-41AF-A04F-F95B5E956FF1}.Debug|Any CPU.ActiveCfg = Debug|Any CPU
		{75AF5558-4276-41AF-A04F-F95B5E956FF1}.Debug|Any CPU.Build.0 = Debug|Any CPU
		{75AF5558-4276-41AF-A04F-F95B5E956FF1}.Release|Any CPU.ActiveCfg = Release|Any CPU
		{75AF5558-4276-41AF-A04F-F95B5E956FF1}.Release|Any CPU.Build.0 = Release|Any CPU
	EndGlobalSection
EndGlobal
