
Microsoft Visual Studio Solution File, Format Version 12.00
# Visual Studio Version 17
VisualStudioVersion = 17.0.31903.59
MinimumVisualStudioVersion = 10.0.40219.1
Project("{FAE04EC0-301F-11D3-BF4B-00C04F79EFBC}") = "HelloWorld", "HelloWorld\HelloWorld.csproj", "{FC3A1CE8-B131-4DC0-A562-90F6D1D61530}"
EndProject
Global
	GlobalSection(SolutionConfigurationPlatforms) = preSolution
		Debug|Any CPU = Debug|Any CPU
		Release|Any CPU = Release|Any CPU
	EndGlobalSection
	GlobalSection(SolutionProperties) = preSolution
		HideSolutionNode = FALSE
	EndGlobalSection
	GlobalSection(ProjectConfigurationPlatforms) = postSolution
		{FC3A1CE8-B131-4DC0-A562-90F6D1D61530}.Debug|Any CPU.ActiveCfg = Debug|Any CPU
		{FC3A1CE8-B131-4DC0-A562-90F6D1D61530}.Debug|Any CPU.Build.0 = Debug|Any CPU
		{FC3A1CE8-B131-4DC0-A562-90F6D1D61530}.Release|Any CPU.ActiveCfg = Release|Any CPU
		{FC3A1CE8-B131-4DC0-A562-90F6D1D61530}.Release|Any CPU.Build.0 = Release|Any CPU
	EndGlobalSection
EndGlobal
